
Microsoft Visual Studio Solution File, Format Version 12.00
# Visual Studio 2013
VisualStudioVersion = 12.0.30324.0
MinimumVisualStudioVersion = 10.0.40219.1
Project("{8BC9CEB8-8B4A-11D0-8D11-00A0C91BC942}") = "cereal_test", "cereal_test\cereal_test.vcxproj", "{448C1865-1DE0-466D-8B9C-8D229917704E}"
EndProject
Project("{2150E333-8FDC-42A3-9474-1A3956D46DE8}") = "extensions_of_core", "extensions_of_core", "{9E85737A-6117-4176-836F-D6F59FA50282}"
EndProject
Project("{8BC9CEB8-8B4A-11D0-8D11-00A0C91BC942}") = "right_value_ref", "cpp11features\right_value_ref\right_value_ref.vcxproj", "{DDC1E87F-36FA-448F-B6DB-A176229F94FF}"
EndProject
Project("{8BC9CEB8-8B4A-11D0-8D11-00A0C91BC942}") = "decltype", "cpp11features\decltype\decltype.vcxproj", "{C2DB7A3F-ABC9-4DA7-A534-DDDCB6503AF4}"
EndProject
Project("{8BC9CEB8-8B4A-11D0-8D11-00A0C91BC942}") = "initialization_list", "cpp11features\initialization_list\initialization_list.vcxproj", "{54041CEA-8C44-4417-AE21-1CFEB023980D}"
EndProject
Project("{8BC9CEB8-8B4A-11D0-8D11-00A0C91BC942}") = "enum_union", "cpp11features\enum_union\enum_union.vcxproj", "{ED3D565D-7266-4226-A8D0-C0550DD9F41C}"
EndProject
Project("{8BC9CEB8-8B4A-11D0-8D11-00A0C91BC942}") = "delete_default", "cpp11features\delete_default\delete_default.vcxproj", "{6ED476F8-69DD-49B2-AE07-682959E2D8D7}"
EndProject
Project("{8BC9CEB8-8B4A-11D0-8D11-00A0C91BC942}") = "overrides_final", "cpp11features\overrides_final\overrides_final.vcxproj", "{196552B3-72D6-4D58-946A-099AE091EC28}"
EndProject
Project("{8BC9CEB8-8B4A-11D0-8D11-00A0C91BC942}") = "constexpr_nullptr", "cpp11features\constexpr_nullptr\constexpr_nullptr.vcxproj", "{503C0A58-8269-4849-A861-5C95EB9E58E7}"
EndProject
Project("{8BC9CEB8-8B4A-11D0-8D11-00A0C91BC942}") = "object_construction", "cpp11features\object_construction\object_construction.vcxproj", "{A4FBE167-62AC-41EB-B66E-3AFA701C0340}"
EndProject
Project("{8BC9CEB8-8B4A-11D0-8D11-00A0C91BC942}") = "threads", "cpp11features\threads\threads.vcxproj", "{6DEA9415-9792-4A64-8066-CE1B82C75FEA}"
EndProject
Project("{8BC9CEB8-8B4A-11D0-8D11-00A0C91BC942}") = "variadic_templates", "cpp11features\variadic_templates\variadic_templates.vcxproj", "{EF5E3C13-9F9A-49B5-8199-30682CF659D3}"
EndProject
Project("{8BC9CEB8-8B4A-11D0-8D11-00A0C91BC942}") = "regex_test", "cpp11features\regex_test\regex_test.vcxproj", "{96C8CCEC-A81F-4068-A061-46383B091201}"
EndProject
Project("{8BC9CEB8-8B4A-11D0-8D11-00A0C91BC942}") = "lambda_test", "cpp11features\lambda_test\lambda_test.vcxproj", "{1320ABF2-BB63-4C53-A680-6D4B5B75646B}"
EndProject
Project("{2150E333-8FDC-42A3-9474-1A3956D46DE8}") = "tools", "tools", "{15EAE415-4EB1-4CEA-A766-EBCD6605CBC1}"
EndProject
Project("{8BC9CEB8-8B4A-11D0-8D11-00A0C91BC942}") = "unordered_set_map", "cpp11features\unordered_set_map\unordered_set_map.vcxproj", "{DA1C9192-A190-4695-94D1-20B375A8FFC0}"
EndProject
Project("{8BC9CEB8-8B4A-11D0-8D11-00A0C91BC942}") = "using_and_so_on", "cpp11features\using_and_so_on\using_and_so_on.vcxproj", "{272FEDFF-526C-4745-98C7-DBC3E66E04B4}"
EndProject
Project("{8BC9CEB8-8B4A-11D0-8D11-00A0C91BC942}") = "ScopeGuard", "tools\ScopeGuard\ScopeGuard.vcxproj", "{132957E9-06AB-4FD6-AE94-CA21B4E6E5A3}"
EndProject
Project("{8BC9CEB8-8B4A-11D0-8D11-00A0C91BC942}") = "JobQueue", "tools\JobQueue\JobQueue.vcxproj", "{3270C9F8-124E-410F-96DD-E05794FF8642}"
EndProject
Project("{8BC9CEB8-8B4A-11D0-8D11-00A0C91BC942}") = "safe_printf", "tools\safe_printf\safe_printf.vcxproj", "{8D5A3803-3450-40B2-80DB-DA73DA556691}"
EndProject
Project("{8BC9CEB8-8B4A-11D0-8D11-00A0C91BC942}") = "check_is_class", "tools\check_is_class\check_is_class.vcxproj", "{4F6C09BD-83A8-4821-AD86-D58A183B4C98}"
EndProject
Project("{2150E333-8FDC-42A3-9474-1A3956D46DE8}") = "stl", "stl", "{22B92A0A-0712-4DE1-9660-3C0916300C1F}"
EndProject
Project("{8BC9CEB8-8B4A-11D0-8D11-00A0C91BC942}") = "algorithm_heap_set_permutation", "stl\algorithm_heap_set_permutation\algorithm_heap_set_permutation.vcxproj", "{E669C06E-9ED3-42CF-8755-8B6BF0990AF5}"
EndProject
Project("{8BC9CEB8-8B4A-11D0-8D11-00A0C91BC942}") = "algorithm_create_update_delete", "stl\algorithm_create_update_delete\algorithm_create_update_delete.vcxproj", "{4D0571D6-A1E1-4F72-9FD8-88D384831D63}"
EndProject
Project("{8BC9CEB8-8B4A-11D0-8D11-00A0C91BC942}") = "algorithm_sort", "stl\algorithm_sort\algorithm_sort.vcxproj", "{E47E4F51-B4E1-4DA6-8D9E-6720A83E04A0}"
EndProject
Project("{8BC9CEB8-8B4A-11D0-8D11-00A0C91BC942}") = "algorithm_find_search_compare", "stl\algorithm_find_search_compare\algorithm_find_compare.vcxproj", "{7C3635A0-C7C3-4E95-AF03-8218E9A15F4B}"
EndProject
Project("{8BC9CEB8-8B4A-11D0-8D11-00A0C91BC942}") = "container_sequence", "stl\container_sequence\container_sequence.vcxproj", "{CCF50090-9A44-4F6F-B87C-82D75368CD9C}"
EndProject
Project("{8BC9CEB8-8B4A-11D0-8D11-00A0C91BC942}") = "range", "tools\range\range.vcxproj", "{514C756E-1DF3-46C6-92D7-5A7F78F77647}"
EndProject
Project("{2150E333-8FDC-42A3-9474-1A3956D46DE8}") = "std_components", "std_components", "{3EDEC5FD-14E0-409D-BFEF-982C588BEA29}"
EndProject
Project("{8BC9CEB8-8B4A-11D0-8D11-00A0C91BC942}") = "std_time", "std_components\std_time\std_time.vcxproj", "{E29C92C6-E426-47BF-A2D1-B1DA63F5C86B}"
EndProject
Project("{2150E333-8FDC-42A3-9474-1A3956D46DE8}") = "utility", "utility", "{B7919F15-D957-4F0D-AC4C-54E44082F780}"
EndProject
Project("{8BC9CEB8-8B4A-11D0-8D11-00A0C91BC942}") = "daemon_test", "utility\daemon_test\daemon_test.vcxproj", "{54F8B376-E123-4EFB-A966-2D26F48CED40}"
EndProject
Project("{8BC9CEB8-8B4A-11D0-8D11-00A0C91BC942}") = "SFINAE_Test", "tools\SFINAE_Test\SFINAE_Test.vcxproj", "{6CD7BAEF-731A-4E1C-BFFE-FB19D378DD06}"
EndProject
Project("{8BC9CEB8-8B4A-11D0-8D11-00A0C91BC942}") = "string_func", "utility\string_func\string_func.vcxproj", "{255C4D1D-8398-4141-9FF4-D94E51787AF0}"
EndProject
Global
	GlobalSection(SolutionConfigurationPlatforms) = preSolution
		Debug|Win32 = Debug|Win32
		Release|Win32 = Release|Win32
	EndGlobalSection
	GlobalSection(ProjectConfigurationPlatforms) = postSolution
		{448C1865-1DE0-466D-8B9C-8D229917704E}.Debug|Win32.ActiveCfg = Debug|Win32
		{448C1865-1DE0-466D-8B9C-8D229917704E}.Debug|Win32.Build.0 = Debug|Win32
		{448C1865-1DE0-466D-8B9C-8D229917704E}.Release|Win32.ActiveCfg = Release|Win32
		{448C1865-1DE0-466D-8B9C-8D229917704E}.Release|Win32.Build.0 = Release|Win32
		{DDC1E87F-36FA-448F-B6DB-A176229F94FF}.Debug|Win32.ActiveCfg = Debug|Win32
		{DDC1E87F-36FA-448F-B6DB-A176229F94FF}.Debug|Win32.Build.0 = Debug|Win32
		{DDC1E87F-36FA-448F-B6DB-A176229F94FF}.Release|Win32.ActiveCfg = Release|Win32
		{DDC1E87F-36FA-448F-B6DB-A176229F94FF}.Release|Win32.Build.0 = Release|Win32
		{C2DB7A3F-ABC9-4DA7-A534-DDDCB6503AF4}.Debug|Win32.ActiveCfg = Debug|Win32
		{C2DB7A3F-ABC9-4DA7-A534-DDDCB6503AF4}.Debug|Win32.Build.0 = Debug|Win32
		{C2DB7A3F-ABC9-4DA7-A534-DDDCB6503AF4}.Release|Win32.ActiveCfg = Release|Win32
		{C2DB7A3F-ABC9-4DA7-A534-DDDCB6503AF4}.Release|Win32.Build.0 = Release|Win32
		{54041CEA-8C44-4417-AE21-1CFEB023980D}.Debug|Win32.ActiveCfg = Debug|Win32
		{54041CEA-8C44-4417-AE21-1CFEB023980D}.Debug|Win32.Build.0 = Debug|Win32
		{54041CEA-8C44-4417-AE21-1CFEB023980D}.Release|Win32.ActiveCfg = Release|Win32
		{54041CEA-8C44-4417-AE21-1CFEB023980D}.Release|Win32.Build.0 = Release|Win32
		{ED3D565D-7266-4226-A8D0-C0550DD9F41C}.Debug|Win32.ActiveCfg = Debug|Win32
		{ED3D565D-7266-4226-A8D0-C0550DD9F41C}.Debug|Win32.Build.0 = Debug|Win32
		{ED3D565D-7266-4226-A8D0-C0550DD9F41C}.Release|Win32.ActiveCfg = Release|Win32
		{ED3D565D-7266-4226-A8D0-C0550DD9F41C}.Release|Win32.Build.0 = Release|Win32
		{6ED476F8-69DD-49B2-AE07-682959E2D8D7}.Debug|Win32.ActiveCfg = Debug|Win32
		{6ED476F8-69DD-49B2-AE07-682959E2D8D7}.Debug|Win32.Build.0 = Debug|Win32
		{6ED476F8-69DD-49B2-AE07-682959E2D8D7}.Release|Win32.ActiveCfg = Release|Win32
		{6ED476F8-69DD-49B2-AE07-682959E2D8D7}.Release|Win32.Build.0 = Release|Win32
		{196552B3-72D6-4D58-946A-099AE091EC28}.Debug|Win32.ActiveCfg = Debug|Win32
		{196552B3-72D6-4D58-946A-099AE091EC28}.Debug|Win32.Build.0 = Debug|Win32
		{196552B3-72D6-4D58-946A-099AE091EC28}.Release|Win32.ActiveCfg = Release|Win32
		{196552B3-72D6-4D58-946A-099AE091EC28}.Release|Win32.Build.0 = Release|Win32
		{503C0A58-8269-4849-A861-5C95EB9E58E7}.Debug|Win32.ActiveCfg = Debug|Win32
		{503C0A58-8269-4849-A861-5C95EB9E58E7}.Debug|Win32.Build.0 = Debug|Win32
		{503C0A58-8269-4849-A861-5C95EB9E58E7}.Release|Win32.ActiveCfg = Release|Win32
		{503C0A58-8269-4849-A861-5C95EB9E58E7}.Release|Win32.Build.0 = Release|Win32
		{A4FBE167-62AC-41EB-B66E-3AFA701C0340}.Debug|Win32.ActiveCfg = Debug|Win32
		{A4FBE167-62AC-41EB-B66E-3AFA701C0340}.Debug|Win32.Build.0 = Debug|Win32
		{A4FBE167-62AC-41EB-B66E-3AFA701C0340}.Release|Win32.ActiveCfg = Release|Win32
		{A4FBE167-62AC-41EB-B66E-3AFA701C0340}.Release|Win32.Build.0 = Release|Win32
		{6DEA9415-9792-4A64-8066-CE1B82C75FEA}.Debug|Win32.ActiveCfg = Debug|Win32
		{6DEA9415-9792-4A64-8066-CE1B82C75FEA}.Debug|Win32.Build.0 = Debug|Win32
		{6DEA9415-9792-4A64-8066-CE1B82C75FEA}.Release|Win32.ActiveCfg = Release|Win32
		{6DEA9415-9792-4A64-8066-CE1B82C75FEA}.Release|Win32.Build.0 = Release|Win32
		{EF5E3C13-9F9A-49B5-8199-30682CF659D3}.Debug|Win32.ActiveCfg = Debug|Win32
		{EF5E3C13-9F9A-49B5-8199-30682CF659D3}.Debug|Win32.Build.0 = Debug|Win32
		{EF5E3C13-9F9A-49B5-8199-30682CF659D3}.Release|Win32.ActiveCfg = Release|Win32
		{EF5E3C13-9F9A-49B5-8199-30682CF659D3}.Release|Win32.Build.0 = Release|Win32
		{96C8CCEC-A81F-4068-A061-46383B091201}.Debug|Win32.ActiveCfg = Debug|Win32
		{96C8CCEC-A81F-4068-A061-46383B091201}.Debug|Win32.Build.0 = Debug|Win32
		{96C8CCEC-A81F-4068-A061-46383B091201}.Release|Win32.ActiveCfg = Release|Win32
		{96C8CCEC-A81F-4068-A061-46383B091201}.Release|Win32.Build.0 = Release|Win32
		{1320ABF2-BB63-4C53-A680-6D4B5B75646B}.Debug|Win32.ActiveCfg = Debug|Win32
		{1320ABF2-BB63-4C53-A680-6D4B5B75646B}.Debug|Win32.Build.0 = Debug|Win32
		{1320ABF2-BB63-4C53-A680-6D4B5B75646B}.Release|Win32.ActiveCfg = Release|Win32
		{1320ABF2-BB63-4C53-A680-6D4B5B75646B}.Release|Win32.Build.0 = Release|Win32
		{DA1C9192-A190-4695-94D1-20B375A8FFC0}.Debug|Win32.ActiveCfg = Debug|Win32
		{DA1C9192-A190-4695-94D1-20B375A8FFC0}.Debug|Win32.Build.0 = Debug|Win32
		{DA1C9192-A190-4695-94D1-20B375A8FFC0}.Release|Win32.ActiveCfg = Release|Win32
		{DA1C9192-A190-4695-94D1-20B375A8FFC0}.Release|Win32.Build.0 = Release|Win32
		{272FEDFF-526C-4745-98C7-DBC3E66E04B4}.Debug|Win32.ActiveCfg = Debug|Win32
		{272FEDFF-526C-4745-98C7-DBC3E66E04B4}.Debug|Win32.Build.0 = Debug|Win32
		{272FEDFF-526C-4745-98C7-DBC3E66E04B4}.Release|Win32.ActiveCfg = Release|Win32
		{272FEDFF-526C-4745-98C7-DBC3E66E04B4}.Release|Win32.Build.0 = Release|Win32
		{132957E9-06AB-4FD6-AE94-CA21B4E6E5A3}.Debug|Win32.ActiveCfg = Debug|Win32
		{132957E9-06AB-4FD6-AE94-CA21B4E6E5A3}.Debug|Win32.Build.0 = Debug|Win32
		{132957E9-06AB-4FD6-AE94-CA21B4E6E5A3}.Release|Win32.ActiveCfg = Release|Win32
		{132957E9-06AB-4FD6-AE94-CA21B4E6E5A3}.Release|Win32.Build.0 = Release|Win32
		{3270C9F8-124E-410F-96DD-E05794FF8642}.Debug|Win32.ActiveCfg = Debug|Win32
		{3270C9F8-124E-410F-96DD-E05794FF8642}.Debug|Win32.Build.0 = Debug|Win32
		{3270C9F8-124E-410F-96DD-E05794FF8642}.Release|Win32.ActiveCfg = Release|Win32
		{3270C9F8-124E-410F-96DD-E05794FF8642}.Release|Win32.Build.0 = Release|Win32
		{8D5A3803-3450-40B2-80DB-DA73DA556691}.Debug|Win32.ActiveCfg = Debug|Win32
		{8D5A3803-3450-40B2-80DB-DA73DA556691}.Debug|Win32.Build.0 = Debug|Win32
		{8D5A3803-3450-40B2-80DB-DA73DA556691}.Release|Win32.ActiveCfg = Release|Win32
		{8D5A3803-3450-40B2-80DB-DA73DA556691}.Release|Win32.Build.0 = Release|Win32
		{4F6C09BD-83A8-4821-AD86-D58A183B4C98}.Debug|Win32.ActiveCfg = Debug|Win32
		{4F6C09BD-83A8-4821-AD86-D58A183B4C98}.Debug|Win32.Build.0 = Debug|Win32
		{4F6C09BD-83A8-4821-AD86-D58A183B4C98}.Release|Win32.ActiveCfg = Release|Win32
		{4F6C09BD-83A8-4821-AD86-D58A183B4C98}.Release|Win32.Build.0 = Release|Win32
		{E669C06E-9ED3-42CF-8755-8B6BF0990AF5}.Debug|Win32.ActiveCfg = Debug|Win32
		{E669C06E-9ED3-42CF-8755-8B6BF0990AF5}.Debug|Win32.Build.0 = Debug|Win32
		{E669C06E-9ED3-42CF-8755-8B6BF0990AF5}.Release|Win32.ActiveCfg = Release|Win32
		{E669C06E-9ED3-42CF-8755-8B6BF0990AF5}.Release|Win32.Build.0 = Release|Win32
		{4D0571D6-A1E1-4F72-9FD8-88D384831D63}.Debug|Win32.ActiveCfg = Debug|Win32
		{4D0571D6-A1E1-4F72-9FD8-88D384831D63}.Debug|Win32.Build.0 = Debug|Win32
		{4D0571D6-A1E1-4F72-9FD8-88D384831D63}.Release|Win32.ActiveCfg = Release|Win32
		{4D0571D6-A1E1-4F72-9FD8-88D384831D63}.Release|Win32.Build.0 = Release|Win32
		{E47E4F51-B4E1-4DA6-8D9E-6720A83E04A0}.Debug|Win32.ActiveCfg = Debug|Win32
		{E47E4F51-B4E1-4DA6-8D9E-6720A83E04A0}.Debug|Win32.Build.0 = Debug|Win32
		{E47E4F51-B4E1-4DA6-8D9E-6720A83E04A0}.Release|Win32.ActiveCfg = Release|Win32
		{E47E4F51-B4E1-4DA6-8D9E-6720A83E04A0}.Release|Win32.Build.0 = Release|Win32
		{7C3635A0-C7C3-4E95-AF03-8218E9A15F4B}.Debug|Win32.ActiveCfg = Debug|Win32
		{7C3635A0-C7C3-4E95-AF03-8218E9A15F4B}.Debug|Win32.Build.0 = Debug|Win32
		{7C3635A0-C7C3-4E95-AF03-8218E9A15F4B}.Release|Win32.ActiveCfg = Release|Win32
		{7C3635A0-C7C3-4E95-AF03-8218E9A15F4B}.Release|Win32.Build.0 = Release|Win32
		{CCF50090-9A44-4F6F-B87C-82D75368CD9C}.Debug|Win32.ActiveCfg = Debug|Win32
		{CCF50090-9A44-4F6F-B87C-82D75368CD9C}.Debug|Win32.Build.0 = Debug|Win32
		{CCF50090-9A44-4F6F-B87C-82D75368CD9C}.Release|Win32.ActiveCfg = Release|Win32
		{CCF50090-9A44-4F6F-B87C-82D75368CD9C}.Release|Win32.Build.0 = Release|Win32
		{514C756E-1DF3-46C6-92D7-5A7F78F77647}.Debug|Win32.ActiveCfg = Debug|Win32
		{514C756E-1DF3-46C6-92D7-5A7F78F77647}.Debug|Win32.Build.0 = Debug|Win32
		{514C756E-1DF3-46C6-92D7-5A7F78F77647}.Release|Win32.ActiveCfg = Release|Win32
		{514C756E-1DF3-46C6-92D7-5A7F78F77647}.Release|Win32.Build.0 = Release|Win32
		{E29C92C6-E426-47BF-A2D1-B1DA63F5C86B}.Debug|Win32.ActiveCfg = Debug|Win32
		{E29C92C6-E426-47BF-A2D1-B1DA63F5C86B}.Debug|Win32.Build.0 = Debug|Win32
		{E29C92C6-E426-47BF-A2D1-B1DA63F5C86B}.Release|Win32.ActiveCfg = Release|Win32
		{E29C92C6-E426-47BF-A2D1-B1DA63F5C86B}.Release|Win32.Build.0 = Release|Win32
		{54F8B376-E123-4EFB-A966-2D26F48CED40}.Debug|Win32.ActiveCfg = Debug|Win32
		{54F8B376-E123-4EFB-A966-2D26F48CED40}.Debug|Win32.Build.0 = Debug|Win32
		{54F8B376-E123-4EFB-A966-2D26F48CED40}.Release|Win32.ActiveCfg = Release|Win32
		{54F8B376-E123-4EFB-A966-2D26F48CED40}.Release|Win32.Build.0 = Release|Win32
		{6CD7BAEF-731A-4E1C-BFFE-FB19D378DD06}.Debug|Win32.ActiveCfg = Debug|Win32
		{6CD7BAEF-731A-4E1C-BFFE-FB19D378DD06}.Debug|Win32.Build.0 = Debug|Win32
		{6CD7BAEF-731A-4E1C-BFFE-FB19D378DD06}.Release|Win32.ActiveCfg = Release|Win32
		{6CD7BAEF-731A-4E1C-BFFE-FB19D378DD06}.Release|Win32.Build.0 = Release|Win32
		{255C4D1D-8398-4141-9FF4-D94E51787AF0}.Debug|Win32.ActiveCfg = Debug|Win32
		{255C4D1D-8398-4141-9FF4-D94E51787AF0}.Debug|Win32.Build.0 = Debug|Win32
		{255C4D1D-8398-4141-9FF4-D94E51787AF0}.Release|Win32.ActiveCfg = Release|Win32
		{255C4D1D-8398-4141-9FF4-D94E51787AF0}.Release|Win32.Build.0 = Release|Win32
	EndGlobalSection
	GlobalSection(SolutionProperties) = preSolution
		HideSolutionNode = FALSE
	EndGlobalSection
	GlobalSection(NestedProjects) = preSolution
		{DDC1E87F-36FA-448F-B6DB-A176229F94FF} = {9E85737A-6117-4176-836F-D6F59FA50282}
		{C2DB7A3F-ABC9-4DA7-A534-DDDCB6503AF4} = {9E85737A-6117-4176-836F-D6F59FA50282}
		{54041CEA-8C44-4417-AE21-1CFEB023980D} = {9E85737A-6117-4176-836F-D6F59FA50282}
		{ED3D565D-7266-4226-A8D0-C0550DD9F41C} = {9E85737A-6117-4176-836F-D6F59FA50282}
		{6ED476F8-69DD-49B2-AE07-682959E2D8D7} = {9E85737A-6117-4176-836F-D6F59FA50282}
		{196552B3-72D6-4D58-946A-099AE091EC28} = {9E85737A-6117-4176-836F-D6F59FA50282}
		{503C0A58-8269-4849-A861-5C95EB9E58E7} = {9E85737A-6117-4176-836F-D6F59FA50282}
		{A4FBE167-62AC-41EB-B66E-3AFA701C0340} = {9E85737A-6117-4176-836F-D6F59FA50282}
		{6DEA9415-9792-4A64-8066-CE1B82C75FEA} = {9E85737A-6117-4176-836F-D6F59FA50282}
		{EF5E3C13-9F9A-49B5-8199-30682CF659D3} = {9E85737A-6117-4176-836F-D6F59FA50282}
		{96C8CCEC-A81F-4068-A061-46383B091201} = {9E85737A-6117-4176-836F-D6F59FA50282}
		{1320ABF2-BB63-4C53-A680-6D4B5B75646B} = {9E85737A-6117-4176-836F-D6F59FA50282}
		{DA1C9192-A190-4695-94D1-20B375A8FFC0} = {9E85737A-6117-4176-836F-D6F59FA50282}
		{272FEDFF-526C-4745-98C7-DBC3E66E04B4} = {9E85737A-6117-4176-836F-D6F59FA50282}
		{132957E9-06AB-4FD6-AE94-CA21B4E6E5A3} = {15EAE415-4EB1-4CEA-A766-EBCD6605CBC1}
		{3270C9F8-124E-410F-96DD-E05794FF8642} = {15EAE415-4EB1-4CEA-A766-EBCD6605CBC1}
		{8D5A3803-3450-40B2-80DB-DA73DA556691} = {15EAE415-4EB1-4CEA-A766-EBCD6605CBC1}
		{4F6C09BD-83A8-4821-AD86-D58A183B4C98} = {15EAE415-4EB1-4CEA-A766-EBCD6605CBC1}
		{E669C06E-9ED3-42CF-8755-8B6BF0990AF5} = {22B92A0A-0712-4DE1-9660-3C0916300C1F}
		{4D0571D6-A1E1-4F72-9FD8-88D384831D63} = {22B92A0A-0712-4DE1-9660-3C0916300C1F}
		{E47E4F51-B4E1-4DA6-8D9E-6720A83E04A0} = {22B92A0A-0712-4DE1-9660-3C0916300C1F}
		{7C3635A0-C7C3-4E95-AF03-8218E9A15F4B} = {22B92A0A-0712-4DE1-9660-3C0916300C1F}
		{CCF50090-9A44-4F6F-B87C-82D75368CD9C} = {22B92A0A-0712-4DE1-9660-3C0916300C1F}
		{514C756E-1DF3-46C6-92D7-5A7F78F77647} = {15EAE415-4EB1-4CEA-A766-EBCD6605CBC1}
		{E29C92C6-E426-47BF-A2D1-B1DA63F5C86B} = {3EDEC5FD-14E0-409D-BFEF-982C588BEA29}
		{54F8B376-E123-4EFB-A966-2D26F48CED40} = {B7919F15-D957-4F0D-AC4C-54E44082F780}
		{6CD7BAEF-731A-4E1C-BFFE-FB19D378DD06} = {15EAE415-4EB1-4CEA-A766-EBCD6605CBC1}
		{255C4D1D-8398-4141-9FF4-D94E51787AF0} = {B7919F15-D957-4F0D-AC4C-54E44082F780}
	EndGlobalSection
EndGlobal
